// !$*UTF8*$!
{
	archiveVersion = 1;
	classes = {
	};
	objectVersion = 51;
	objects = {

/* Begin PBXBuildFile section */
		2C0F5FF42504DB790060033C /* AppDelegate.swift in Sources */ = {isa = PBXBuildFile; fileRef = 2C0F5FF32504DB790060033C /* AppDelegate.swift */; };
		2C0F5FF62504DB790060033C /* ViewController.swift in Sources */ = {isa = PBXBuildFile; fileRef = 2C0F5FF52504DB790060033C /* ViewController.swift */; };
		2C0F5FF92504DB790060033C /* Main.storyboard in Resources */ = {isa = PBXBuildFile; fileRef = 2C0F5FF72504DB790060033C /* Main.storyboard */; };
		2C0F5FFB2504DB7B0060033C /* Assets.xcassets in Resources */ = {isa = PBXBuildFile; fileRef = 2C0F5FFA2504DB7B0060033C /* Assets.xcassets */; };
		2C0F5FFE2504DB7B0060033C /* LaunchScreen.storyboard in Resources */ = {isa = PBXBuildFile; fileRef = 2C0F5FFC2504DB7B0060033C /* LaunchScreen.storyboard */; };
		2C64A4372505005E00A82DD1 /* GoogleService-Info.plist in Resources */ = {isa = PBXBuildFile; fileRef = 2C64A4362505005E00A82DD1 /* GoogleService-Info.plist */; };
		2CE96E3825065BD700B82C73 /* SignUpViewController.swift in Sources */ = {isa = PBXBuildFile; fileRef = 2CE96E3725065BD700B82C73 /* SignUpViewController.swift */; };
		FCA523B30B462BB31862E2CC /* Pods_Sultan_Tracker.framework in Frameworks */ = {isa = PBXBuildFile; fileRef = 3C3FC584819D3256C1C2D460 /* Pods_Sultan_Tracker.framework */; };
/* End PBXBuildFile section */

/* Begin PBXFileReference section */
		2C0F5FF02504DB790060033C /* Sultan Tracker.app */ = {isa = PBXFileReference; explicitFileType = wrapper.application; includeInIndex = 0; path = "Sultan Tracker.app"; sourceTree = BUILT_PRODUCTS_DIR; };
		2C0F5FF32504DB790060033C /* AppDelegate.swift */ = {isa = PBXFileReference; lastKnownFileType = sourcecode.swift; path = AppDelegate.swift; sourceTree = "<group>"; };
		2C0F5FF52504DB790060033C /* ViewController.swift */ = {isa = PBXFileReference; lastKnownFileType = sourcecode.swift; path = ViewController.swift; sourceTree = "<group>"; };
		2C0F5FF82504DB790060033C /* Base */ = {isa = PBXFileReference; lastKnownFileType = file.storyboard; name = Base; path = Base.lproj/Main.storyboard; sourceTree = "<group>"; };
		2C0F5FFA2504DB7B0060033C /* Assets.xcassets */ = {isa = PBXFileReference; lastKnownFileType = folder.assetcatalog; path = Assets.xcassets; sourceTree = "<group>"; };
		2C0F5FFD2504DB7B0060033C /* Base */ = {isa = PBXFileReference; lastKnownFileType = file.storyboard; name = Base; path = Base.lproj/LaunchScreen.storyboard; sourceTree = "<group>"; };
		2C0F5FFF2504DB7B0060033C /* Info.plist */ = {isa = PBXFileReference; lastKnownFileType = text.plist.xml; path = Info.plist; sourceTree = "<group>"; };
		2C64A4362505005E00A82DD1 /* GoogleService-Info.plist */ = {isa = PBXFileReference; fileEncoding = 4; lastKnownFileType = text.plist.xml; name = "GoogleService-Info.plist"; path = "../../Downloads/GoogleService-Info.plist"; sourceTree = "<group>"; };
		2CE96E3725065BD700B82C73 /* SignUpViewController.swift */ = {isa = PBXFileReference; lastKnownFileType = sourcecode.swift; path = SignUpViewController.swift; sourceTree = "<group>"; };
		3C3FC584819D3256C1C2D460 /* Pods_Sultan_Tracker.framework */ = {isa = PBXFileReference; explicitFileType = wrapper.framework; includeInIndex = 0; path = Pods_Sultan_Tracker.framework; sourceTree = BUILT_PRODUCTS_DIR; };
		BC54BA4F545CCABFF6C39544 /* Pods-Sultan Tracker.debug.xcconfig */ = {isa = PBXFileReference; includeInIndex = 1; lastKnownFileType = text.xcconfig; name = "Pods-Sultan Tracker.debug.xcconfig"; path = "Target Support Files/Pods-Sultan Tracker/Pods-Sultan Tracker.debug.xcconfig"; sourceTree = "<group>"; };
		EFF91D028D157FFD0F773F1B /* Pods-Sultan Tracker.release.xcconfig */ = {isa = PBXFileReference; includeInIndex = 1; lastKnownFileType = text.xcconfig; name = "Pods-Sultan Tracker.release.xcconfig"; path = "Target Support Files/Pods-Sultan Tracker/Pods-Sultan Tracker.release.xcconfig"; sourceTree = "<group>"; };
/* End PBXFileReference section */

/* Begin PBXFrameworksBuildPhase section */
		2C0F5FED2504DB790060033C /* Frameworks */ = {
			isa = PBXFrameworksBuildPhase;
			buildActionMask = 2147483647;
			files = (
				FCA523B30B462BB31862E2CC /* Pods_Sultan_Tracker.framework in Frameworks */,
			);
			runOnlyForDeploymentPostprocessing = 0;
		};
/* End PBXFrameworksBuildPhase section */

/* Begin PBXGroup section */
		0A0D730C393E017D3C878718 /* Frameworks */ = {
			isa = PBXGroup;
			children = (
				3C3FC584819D3256C1C2D460 /* Pods_Sultan_Tracker.framework */,
			);
			name = Frameworks;
			sourceTree = "<group>";
		};
		2C0F5FE72504DB790060033C = {
			isa = PBXGroup;
			children = (
				2C64A4362505005E00A82DD1 /* GoogleService-Info.plist */,
				2C0F5FF22504DB790060033C /* Sultan Tracker */,
				2C0F5FF12504DB790060033C /* Products */,
				D5FD9128667C24E8CDFBD413 /* Pods */,
				0A0D730C393E017D3C878718 /* Frameworks */,
			);
			sourceTree = "<group>";
		};
		2C0F5FF12504DB790060033C /* Products */ = {
			isa = PBXGroup;
			children = (
				2C0F5FF02504DB790060033C /* Sultan Tracker.app */,
			);
			name = Products;
			sourceTree = "<group>";
		};
		2C0F5FF22504DB790060033C /* Sultan Tracker */ = {
			isa = PBXGroup;
			children = (
				2C0F5FF32504DB790060033C /* AppDelegate.swift */,
				2C0F5FF52504DB790060033C /* ViewController.swift */,
				2CE96E3725065BD700B82C73 /* SignUpViewController.swift */,
				2C0F5FF72504DB790060033C /* Main.storyboard */,
				2C0F5FFA2504DB7B0060033C /* Assets.xcassets */,
				2C0F5FFC2504DB7B0060033C /* LaunchScreen.storyboard */,
				2C0F5FFF2504DB7B0060033C /* Info.plist */,
			);
			path = "Sultan Tracker";
			sourceTree = "<group>";
		};
		D5FD9128667C24E8CDFBD413 /* Pods */ = {
			isa = PBXGroup;
			children = (
				BC54BA4F545CCABFF6C39544 /* Pods-Sultan Tracker.debug.xcconfig */,
				EFF91D028D157FFD0F773F1B /* Pods-Sultan Tracker.release.xcconfig */,
			);
			path = Pods;
			sourceTree = "<group>";
		};
/* End PBXGroup section */

/* Begin PBXNativeTarget section */
		2C0F5FEF2504DB790060033C /* Sultan Tracker */ = {
			isa = PBXNativeTarget;
			buildConfigurationList = 2C0F60022504DB7B0060033C /* Build configuration list for PBXNativeTarget "Sultan Tracker" */;
			buildPhases = (
				B9BC7251AEE73208F2CA2D48 /* [CP] Check Pods Manifest.lock */,
				2C0F5FEC2504DB790060033C /* Sources */,
				2C0F5FED2504DB790060033C /* Frameworks */,
				2C0F5FEE2504DB790060033C /* Resources */,
				7AD75260F7AAA9DA080EEBE4 /* [CP] Embed Pods Frameworks */,
				226BB11772B5DF1DF3180045 /* [CP] Copy Pods Resources */,
			);
			buildRules = (
			);
			dependencies = (
			);
			name = "Sultan Tracker";
			productName = "Sultan Tracker";
			productReference = 2C0F5FF02504DB790060033C /* Sultan Tracker.app */;
			productType = "com.apple.product-type.application";
		};
/* End PBXNativeTarget section */

/* Begin PBXProject section */
		2C0F5FE82504DB790060033C /* Project object */ = {
			isa = PBXProject;
			attributes = {
				LastSwiftUpdateCheck = 1010;
				LastUpgradeCheck = 1010;
				ORGANIZATIONNAME = "ABid A.Sobhan";
				TargetAttributes = {
					2C0F5FEF2504DB790060033C = {
						CreatedOnToolsVersion = 10.1;
					};
				};
			};
			buildConfigurationList = 2C0F5FEB2504DB790060033C /* Build configuration list for PBXProject "Sultan Tracker" */;
			compatibilityVersion = "Xcode 9.3";
			developmentRegion = en;
			hasScannedForEncodings = 0;
			knownRegions = (
				en,
				Base,
			);
			mainGroup = 2C0F5FE72504DB790060033C;
			productRefGroup = 2C0F5FF12504DB790060033C /* Products */;
			projectDirPath = "";
			projectRoot = "";
			targets = (
				2C0F5FEF2504DB790060033C /* Sultan Tracker */,
			);
		};
/* End PBXProject section */

/* Begin PBXResourcesBuildPhase section */
		2C0F5FEE2504DB790060033C /* Resources */ = {
			isa = PBXResourcesBuildPhase;
			buildActionMask = 2147483647;
			files = (
				2C0F5FFE2504DB7B0060033C /* LaunchScreen.storyboard in Resources */,
				2C64A4372505005E00A82DD1 /* GoogleService-Info.plist in Resources */,
				2C0F5FFB2504DB7B0060033C /* Assets.xcassets in Resources */,
				2C0F5FF92504DB790060033C /* Main.storyboard in Resources */,
			);
			runOnlyForDeploymentPostprocessing = 0;
		};
/* End PBXResourcesBuildPhase section */

/* Begin PBXShellScriptBuildPhase section */
		226BB11772B5DF1DF3180045 /* [CP] Copy Pods Resources */ = {
			isa = PBXShellScriptBuildPhase;
			buildActionMask = 2147483647;
			files = (
			);
			inputFileListPaths = (
				"${PODS_ROOT}/Target Support Files/Pods-Sultan Tracker/Pods-Sultan Tracker-resources-${CONFIGURATION}-input-files.xcfilelist",
			);
			name = "[CP] Copy Pods Resources";
			outputFileListPaths = (
				"${PODS_ROOT}/Target Support Files/Pods-Sultan Tracker/Pods-Sultan Tracker-resources-${CONFIGURATION}-output-files.xcfilelist",
			);
			runOnlyForDeploymentPostprocessing = 0;
			shellPath = /bin/sh;
			shellScript = "\"${PODS_ROOT}/Target Support Files/Pods-Sultan Tracker/Pods-Sultan Tracker-resources.sh\"\n";
			showEnvVarsInLog = 0;
		};
		7AD75260F7AAA9DA080EEBE4 /* [CP] Embed Pods Frameworks */ = {
			isa = PBXShellScriptBuildPhase;
			buildActionMask = 2147483647;
			files = (
			);
			inputFileListPaths = (
				"${PODS_ROOT}/Target Support Files/Pods-Sultan Tracker/Pods-Sultan Tracker-frameworks-${CONFIGURATION}-input-files.xcfilelist",
			);
			name = "[CP] Embed Pods Frameworks";
			outputFileListPaths = (
				"${PODS_ROOT}/Target Support Files/Pods-Sultan Tracker/Pods-Sultan Tracker-frameworks-${CONFIGURATION}-output-files.xcfilelist",
			);
			runOnlyForDeploymentPostprocessing = 0;
			shellPath = /bin/sh;
			shellScript = "\"${PODS_ROOT}/Target Support Files/Pods-Sultan Tracker/Pods-Sultan Tracker-frameworks.sh\"\n";
			showEnvVarsInLog = 0;
		};
		B9BC7251AEE73208F2CA2D48 /* [CP] Check Pods Manifest.lock */ = {
			isa = PBXShellScriptBuildPhase;
			buildActionMask = 2147483647;
			files = (
			);
			inputFileListPaths = (
			);
			inputPaths = (
				"${PODS_PODFILE_DIR_PATH}/Podfile.lock",
				"${PODS_ROOT}/Manifest.lock",
			);
			name = "[CP] Check Pods Manifest.lock";
			outputFileListPaths = (
			);
			outputPaths = (
				"$(DERIVED_FILE_DIR)/Pods-Sultan Tracker-checkManifestLockResult.txt",
			);
			runOnlyForDeploymentPostprocessing = 0;
			shellPath = /bin/sh;
			shellScript = "diff \"${PODS_PODFILE_DIR_PATH}/Podfile.lock\" \"${PODS_ROOT}/Manifest.lock\" > /dev/null\nif [ $? != 0 ] ; then\n    # print error to STDERR\n    echo \"error: The sandbox is not in sync with the Podfile.lock. Run 'pod install' or update your CocoaPods installation.\" >&2\n    exit 1\nfi\n# This output is used by Xcode 'outputs' to avoid re-running this script phase.\necho \"SUCCESS\" > \"${SCRIPT_OUTPUT_FILE_0}\"\n";
			showEnvVarsInLog = 0;
		};
/* End PBXShellScriptBuildPhase section */

/* Begin PBXSourcesBuildPhase section */
		2C0F5FEC2504DB790060033C /* Sources */ = {
			isa = PBXSourcesBuildPhase;
			buildActionMask = 2147483647;
			files = (
				2CE96E3825065BD700B82C73 /* SignUpViewController.swift in Sources */,
				2C0F5FF62504DB790060033C /* ViewController.swift in Sources */,
				2C0F5FF42504DB790060033C /* AppDelegate.swift in Sources */,
			);
			runOnlyForDeploymentPostprocessing = 0;
		};
/* End PBXSourcesBuildPhase section */

/* Begin PBXVariantGroup section */
		2C0F5FF72504DB790060033C /* Main.storyboard */ = {
			isa = PBXVariantGroup;
			children = (
				2C0F5FF82504DB790060033C /* Base */,
			);
			name = Main.storyboard;
			sourceTree = "<group>";
		};
		2C0F5FFC2504DB7B0060033C /* LaunchScreen.storyboard */ = {
			isa = PBXVariantGroup;
			children = (
				2C0F5FFD2504DB7B0060033C /* Base */,
			);
			name = LaunchScreen.storyboard;
			sourceTree = "<group>";
		};
/* End PBXVariantGroup section */

/* Begin XCBuildConfiguration section */
		2C0F60002504DB7B0060033C /* Debug */ = {
			isa = XCBuildConfiguration;
			buildSettings = {
				ALWAYS_SEARCH_USER_PATHS = NO;
				CLANG_ANALYZER_NONNULL = YES;
				CLANG_ANALYZER_NUMBER_OBJECT_CONVERSION = YES_AGGRESSIVE;
				CLANG_CXX_LANGUAGE_STANDARD = "gnu++14";
				CLANG_CXX_LIBRARY = "libc++";
				CLANG_ENABLE_MODULES = YES;
				CLANG_ENABLE_OBJC_ARC = YES;
				CLANG_ENABLE_OBJC_WEAK = YES;
				CLANG_WARN_BLOCK_CAPTURE_AUTORELEASING = YES;
				CLANG_WARN_BOOL_CONVERSION = YES;
				CLANG_WARN_COMMA = YES;
				CLANG_WARN_CONSTANT_CONVERSION = YES;
				CLANG_WARN_DEPRECATED_OBJC_IMPLEMENTATIONS = YES;
				CLANG_WARN_DIRECT_OBJC_ISA_USAGE = YES_ERROR;
				CLANG_WARN_DOCUMENTATION_COMMENTS = YES;
				CLANG_WARN_EMPTY_BODY = YES;
				CLANG_WARN_ENUM_CONVERSION = YES;
				CLANG_WARN_INFINITE_RECURSION = YES;
				CLANG_WARN_INT_CONVERSION = YES;
				CLANG_WARN_NON_LITERAL_NULL_CONVERSION = YES;
				CLANG_WARN_OBJC_IMPLICIT_RETAIN_SELF = YES;
				CLANG_WARN_OBJC_LITERAL_CONVERSION = YES;
				CLANG_WARN_OBJC_ROOT_CLASS = YES_ERROR;
				CLANG_WARN_RANGE_LOOP_ANALYSIS = YES;
				CLANG_WARN_STRICT_PROTOTYPES = YES;
				CLANG_WARN_SUSPICIOUS_MOVE = YES;
				CLANG_WARN_UNGUARDED_AVAILABILITY = YES_AGGRESSIVE;
				CLANG_WARN_UNREACHABLE_CODE = YES;
				CLANG_WARN__DUPLICATE_METHOD_MATCH = YES;
				CODE_SIGN_IDENTITY = "iPhone Developer";
				COPY_PHASE_STRIP = NO;
				DEBUG_INFORMATION_FORMAT = dwarf;
				ENABLE_STRICT_OBJC_MSGSEND = YES;
				ENABLE_TESTABILITY = YES;
				GCC_C_LANGUAGE_STANDARD = gnu11;
				GCC_DYNAMIC_NO_PIC = NO;
				GCC_NO_COMMON_BLOCKS = YES;
				GCC_OPTIMIZATION_LEVEL = 0;
				GCC_PREPROCESSOR_DEFINITIONS = (
					"DEBUG=1",
					"$(inherited)",
				);
				GCC_WARN_64_TO_32_BIT_CONVERSION = YES;
				GCC_WARN_ABOUT_RETURN_TYPE = YES_ERROR;
				GCC_WARN_UNDECLARED_SELECTOR = YES;
				GCC_WARN_UNINITIALIZED_AUTOS = YES_AGGRESSIVE;
				GCC_WARN_UNUSED_FUNCTION = YES;
				GCC_WARN_UNUSED_VARIABLE = YES;
				IPHONEOS_DEPLOYMENT_TARGET = 12.1;
				MTL_ENABLE_DEBUG_INFO = INCLUDE_SOURCE;
				MTL_FAST_MATH = YES;
				ONLY_ACTIVE_ARCH = YES;
				SDKROOT = iphoneos;
				SWIFT_ACTIVE_COMPILATION_CONDITIONS = DEBUG;
				SWIFT_OPTIMIZATION_LEVEL = "-Onone";
			};
			name = Debug;
		};
		2C0F60012504DB7B0060033C /* Release */ = {
			isa = XCBuildConfiguration;
			buildSettings = {
				ALWAYS_SEARCH_USER_PATHS = NO;
				CLANG_ANALYZER_NONNULL = YES;
				CLANG_ANALYZER_NUMBER_OBJECT_CONVERSION = YES_AGGRESSIVE;
				CLANG_CXX_LANGUAGE_STANDARD = "gnu++14";
				CLANG_CXX_LIBRARY = "libc++";
				CLANG_ENABLE_MODULES = YES;
				CLANG_ENABLE_OBJC_ARC = YES;
				CLANG_ENABLE_OBJC_WEAK = YES;
				CLANG_WARN_BLOCK_CAPTURE_AUTORELEASING = YES;
				CLANG_WARN_BOOL_CONVERSION = YES;
				CLANG_WARN_COMMA = YES;
				CLANG_WARN_CONSTANT_CONVERSION = YES;
				CLANG_WARN_DEPRECATED_OBJC_IMPLEMENTATIONS = YES;
				CLANG_WARN_DIRECT_OBJC_ISA_USAGE = YES_ERROR;
				CLANG_WARN_DOCUMENTATION_COMMENTS = YES;
				CLANG_WARN_EMPTY_BODY = YES;
				CLANG_WARN_ENUM_CONVERSION = YES;
				CLANG_WARN_INFINITE_RECURSION = YES;
				CLANG_WARN_INT_CONVERSION = YES;
				CLANG_WARN_NON_LITERAL_NULL_CONVERSION = YES;
				CLANG_WARN_OBJC_IMPLICIT_RETAIN_SELF = YES;
				CLANG_WARN_OBJC_LITERAL_CONVERSION = YES;
				CLANG_WARN_OBJC_ROOT_CLASS = YES_ERROR;
				CLANG_WARN_RANGE_LOOP_ANALYSIS = YES;
				CLANG_WARN_STRICT_PROTOTYPES = YES;
				CLANG_WARN_SUSPICIOUS_MOVE = YES;
				CLANG_WARN_UNGUARDED_AVAILABILITY = YES_AGGRESSIVE;
				CLANG_WARN_UNREACHABLE_CODE = YES;
				CLANG_WARN__DUPLICATE_METHOD_MATCH = YES;
				CODE_SIGN_IDENTITY = "iPhone Developer";
				COPY_PHASE_STRIP = NO;
				DEBUG_INFORMATION_FORMAT = "dwarf-with-dsym";
				ENABLE_NS_ASSERTIONS = NO;
				ENABLE_STRICT_OBJC_MSGSEND = YES;
				GCC_C_LANGUAGE_STANDARD = gnu11;
				GCC_NO_COMMON_BLOCKS = YES;
				GCC_WARN_64_TO_32_BIT_CONVERSION = YES;
				GCC_WARN_ABOUT_RETURN_TYPE = YES_ERROR;
				GCC_WARN_UNDECLARED_SELECTOR = YES;
				GCC_WARN_UNINITIALIZED_AUTOS = YES_AGGRESSIVE;
				GCC_WARN_UNUSED_FUNCTION = YES;
				GCC_WARN_UNUSED_VARIABLE = YES;
				IPHONEOS_DEPLOYMENT_TARGET = 12.1;
				MTL_ENABLE_DEBUG_INFO = NO;
				MTL_FAST_MATH = YES;
				SDKROOT = iphoneos;
				SWIFT_COMPILATION_MODE = wholemodule;
				SWIFT_OPTIMIZATION_LEVEL = "-O";
				VALIDATE_PRODUCT = YES;
			};
			name = Release;
		};
		2C0F60032504DB7B0060033C /* Debug */ = {
			isa = XCBuildConfiguration;
			baseConfigurationReference = BC54BA4F545CCABFF6C39544 /* Pods-Sultan Tracker.debug.xcconfig */;
			buildSettings = {
				ASSETCATALOG_COMPILER_APPICON_NAME = AppIcon;
				CODE_SIGN_STYLE = Automatic;
				DEVELOPMENT_TEAM = SVHUZP8JAL;
				INFOPLIST_FILE = "Sultan Tracker/Info.plist";
				LD_RUNPATH_SEARCH_PATHS = (
					"$(inherited)",
					"@executable_path/Frameworks",
				);
				PRODUCT_BUNDLE_IDENTIFIER = "forbit.Sultan-Tracker";
				PRODUCT_NAME = "$(TARGET_NAME)";
				SWIFT_VERSION = 4.2;
				TARGETED_DEVICE_FAMILY = "1,2";
			};
			name = Debug;
		};
		2C0F60042504DB7B0060033C /* Release */ = {
			isa = XCBuildConfiguration;
			baseConfigurationReference = EFF91D028D157FFD0F773F1B /* Pods-Sultan Tracker.release.xcconfig */;
			buildSettings = {
				ASSETCATALOG_COMPILER_APPICON_NAME = AppIcon;
				CODE_SIGN_STYLE = Automatic;
				DEVELOPMENT_TEAM = SVHUZP8JAL;
				INFOPLIST_FILE = "Sultan Tracker/Info.plist";
				LD_RUNPATH_SEARCH_PATHS = (
					"$(inherited)",
					"@executable_path/Frameworks",
				);
				PRODUCT_BUNDLE_IDENTIFIER = "forbit.Sultan-Tracker";
				PRODUCT_NAME = "$(TARGET_NAME)";
				SWIFT_VERSION = 4.2;
				TARGETED_DEVICE_FAMILY = "1,2";
			};
			name = Release;
		};
/* End XCBuildConfiguration section */

/* Begin XCConfigurationList section */
		2C0F5FEB2504DB790060033C /* Build configuration list for PBXProject "Sultan Tracker" */ = {
			isa = XCConfigurationList;
			buildConfigurations = (
				2C0F60002504DB7B0060033C /* Debug */,
				2C0F60012504DB7B0060033C /* Release */,
			);
			defaultConfigurationIsVisible = 0;
			defaultConfigurationName = Release;
		};
		2C0F60022504DB7B0060033C /* Build configuration list for PBXNativeTarget "Sultan Tracker" */ = {
			isa = XCConfigurationList;
			buildConfigurations = (
				2C0F60032504DB7B0060033C /* Debug */,
				2C0F60042504DB7B0060033C /* Release */,
			);
			defaultConfigurationIsVisible = 0;
			defaultConfigurationName = Release;
		};
/* End XCConfigurationList section */
	};
	rootObject = 2C0F5FE82504DB790060033C /* Project object */;
}
